
Microsoft Visual Studio Solution File, Format Version 10.00
# Visual Studio 2008
Project("{8BC9CEB8-8B4A-11D0-8D11-00A0C91BC942}") = "Dredging_Analyis", "Dredging_Analyis\Dredging_Analyis.vcproj", "{C962D3FB-307C-4EF6-8627-D01F8896895F}"
EndProject
Global
	GlobalSection(SolutionConfigurationPlatforms) = preSolution
		Debug|Win32 = Debug|Win32
		Release|Win32 = Release|Win32
	EndGlobalSection
	GlobalSection(ProjectConfigurationPlatforms) = postSolution
		{C962D3FB-307C-4EF6-8627-D01F8896895F}.Debug|Win32.ActiveCfg = Debug|Win32
		{C962D3FB-307C-4EF6-8627-D01F8896895F}.Debug|Win32.Build.0 = Debug|Win32
		{C962D3FB-307C-4EF6-8627-D01F8896895F}.Release|Win32.ActiveCfg = Release|Win32
		{C962D3FB-307C-4EF6-8627-D01F8896895F}.Release|Win32.Build.0 = Release|Win32
	EndGlobalSection
	GlobalSection(SolutionProperties) = preSolution
		HideSolutionNode = FALSE
	EndGlobalSection
EndGlobal
